// !$*UTF8*$!
{
	archiveVersion = 1;
	classes = {
	};
	objectVersion = 46;
	objects = {

/* Begin PBXBuildFile section */
		EF1BA3010C83A363D5A1E9D4 /* Pods_dojo_instruments.framework in Frameworks */ = {isa = PBXBuildFile; fileRef = 42BCD2D10E5266C415BF3A04 /* Pods_dojo_instruments.framework */; };
		F0682EEC1A76D79C00B60661 /* AppDelegate.swift in Sources */ = {isa = PBXBuildFile; fileRef = F0682EEB1A76D79C00B60661 /* AppDelegate.swift */; };
		F0682EF11A76D79C00B60661 /* TimeProfile.swift in Sources */ = {isa = PBXBuildFile; fileRef = F0682EF01A76D79C00B60661 /* TimeProfile.swift */; };
		F0682EF41A76D79C00B60661 /* Main.storyboard in Resources */ = {isa = PBXBuildFile; fileRef = F0682EF21A76D79C00B60661 /* Main.storyboard */; };
		F0682EF61A76D79C00B60661 /* Images.xcassets in Resources */ = {isa = PBXBuildFile; fileRef = F0682EF51A76D79C00B60661 /* Images.xcassets */; };
		F071E48B1A79EF6A003540E0 /* LaunchScreen_dev.xib in Resources */ = {isa = PBXBuildFile; fileRef = F071E48A1A79EF6A003540E0 /* LaunchScreen_dev.xib */; };
		F09E9FA21A7704FB00010B0D /* TimeProfileImages.swift in Sources */ = {isa = PBXBuildFile; fileRef = F09E9FA11A7704FB00010B0D /* TimeProfileImages.swift */; };
		F09E9FA41A771A6500010B0D /* siberian16.png in Resources */ = {isa = PBXBuildFile; fileRef = F09E9FA31A771A6500010B0D /* siberian16.png */; };
		F09E9FA61A77268500010B0D /* Allocations.swift in Sources */ = {isa = PBXBuildFile; fileRef = F09E9FA51A77268500010B0D /* Allocations.swift */; };
		F09EA0361A773D8E00010B0D /* Leaks.swift in Sources */ = {isa = PBXBuildFile; fileRef = F09EA0351A773D8E00010B0D /* Leaks.swift */; };
/* End PBXBuildFile section */

/* Begin PBXFileReference section */
		11EFA353F592BB7BAAA93DBB /* Pods-dojo-instruments.release.xcconfig */ = {isa = PBXFileReference; includeInIndex = 1; lastKnownFileType = text.xcconfig; name = "Pods-dojo-instruments.release.xcconfig"; path = "Pods/Target Support Files/Pods-dojo-instruments/Pods-dojo-instruments.release.xcconfig"; sourceTree = "<group>"; };
		42BCD2D10E5266C415BF3A04 /* Pods_dojo_instruments.framework */ = {isa = PBXFileReference; explicitFileType = wrapper.framework; includeInIndex = 0; path = Pods_dojo_instruments.framework; sourceTree = BUILT_PRODUCTS_DIR; };
		F0682EE61A76D79C00B60661 /* dojo-instruments.app */ = {isa = PBXFileReference; explicitFileType = wrapper.application; includeInIndex = 0; path = "dojo-instruments.app"; sourceTree = BUILT_PRODUCTS_DIR; };
		F0682EEA1A76D79C00B60661 /* Info.plist */ = {isa = PBXFileReference; lastKnownFileType = text.plist.xml; path = Info.plist; sourceTree = "<group>"; };
		F0682EEB1A76D79C00B60661 /* AppDelegate.swift */ = {isa = PBXFileReference; lastKnownFileType = sourcecode.swift; path = AppDelegate.swift; sourceTree = "<group>"; };
		F0682EF01A76D79C00B60661 /* TimeProfile.swift */ = {isa = PBXFileReference; lastKnownFileType = sourcecode.swift; path = TimeProfile.swift; sourceTree = "<group>"; };
		F0682EF31A76D79C00B60661 /* Base */ = {isa = PBXFileReference; lastKnownFileType = file.storyboard; name = Base; path = Base.lproj/Main.storyboard; sourceTree = "<group>"; };
		F0682EF51A76D79C00B60661 /* Images.xcassets */ = {isa = PBXFileReference; lastKnownFileType = folder.assetcatalog; path = Images.xcassets; sourceTree = "<group>"; };
		F071E48A1A79EF6A003540E0 /* LaunchScreen_dev.xib */ = {isa = PBXFileReference; fileEncoding = 4; lastKnownFileType = file.xib; path = LaunchScreen_dev.xib; sourceTree = "<group>"; };
		F09E9FA11A7704FB00010B0D /* TimeProfileImages.swift */ = {isa = PBXFileReference; fileEncoding = 4; lastKnownFileType = sourcecode.swift; path = TimeProfileImages.swift; sourceTree = "<group>"; };
		F09E9FA31A771A6500010B0D /* siberian16.png */ = {isa = PBXFileReference; lastKnownFileType = image.png; path = siberian16.png; sourceTree = "<group>"; };
		F09E9FA51A77268500010B0D /* Allocations.swift */ = {isa = PBXFileReference; fileEncoding = 4; lastKnownFileType = sourcecode.swift; path = Allocations.swift; sourceTree = "<group>"; };
		F09EA0351A773D8E00010B0D /* Leaks.swift */ = {isa = PBXFileReference; fileEncoding = 4; lastKnownFileType = sourcecode.swift; path = Leaks.swift; sourceTree = "<group>"; };
		FF9BD739E62842271F2D0FD2 /* Pods-dojo-instruments.debug.xcconfig */ = {isa = PBXFileReference; includeInIndex = 1; lastKnownFileType = text.xcconfig; name = "Pods-dojo-instruments.debug.xcconfig"; path = "Pods/Target Support Files/Pods-dojo-instruments/Pods-dojo-instruments.debug.xcconfig"; sourceTree = "<group>"; };
/* End PBXFileReference section */

/* Begin PBXFrameworksBuildPhase section */
		F0682EE31A76D79C00B60661 /* Frameworks */ = {
			isa = PBXFrameworksBuildPhase;
			buildActionMask = 2147483647;
			files = (
				EF1BA3010C83A363D5A1E9D4 /* Pods_dojo_instruments.framework in Frameworks */,
			);
			runOnlyForDeploymentPostprocessing = 0;
		};
/* End PBXFrameworksBuildPhase section */

/* Begin PBXGroup section */
		032279E2F1DC2E2413744B17 /* Frameworks */ = {
			isa = PBXGroup;
			children = (
				42BCD2D10E5266C415BF3A04 /* Pods_dojo_instruments.framework */,
			);
			name = Frameworks;
			sourceTree = "<group>";
		};
		037DB8CA3F547B761ECEEF40 /* Pods */ = {
			isa = PBXGroup;
			children = (
				FF9BD739E62842271F2D0FD2 /* Pods-dojo-instruments.debug.xcconfig */,
				11EFA353F592BB7BAAA93DBB /* Pods-dojo-instruments.release.xcconfig */,
			);
			name = Pods;
			sourceTree = "<group>";
		};
		F0682EDD1A76D79C00B60661 = {
			isa = PBXGroup;
			children = (
				F0682EE81A76D79C00B60661 /* instruments */,
				F0682EE71A76D79C00B60661 /* Products */,
				037DB8CA3F547B761ECEEF40 /* Pods */,
				032279E2F1DC2E2413744B17 /* Frameworks */,
			);
			sourceTree = "<group>";
		};
		F0682EE71A76D79C00B60661 /* Products */ = {
			isa = PBXGroup;
			children = (
				F0682EE61A76D79C00B60661 /* dojo-instruments.app */,
			);
			name = Products;
			sourceTree = "<group>";
		};
		F0682EE81A76D79C00B60661 /* instruments */ = {
			isa = PBXGroup;
			children = (
				F0682EEB1A76D79C00B60661 /* AppDelegate.swift */,
				F0682EF01A76D79C00B60661 /* TimeProfile.swift */,
				F09E9FA11A7704FB00010B0D /* TimeProfileImages.swift */,
				F09E9FA51A77268500010B0D /* Allocations.swift */,
				F09EA0351A773D8E00010B0D /* Leaks.swift */,
				F0682EF21A76D79C00B60661 /* Main.storyboard */,
				F0682EF51A76D79C00B60661 /* Images.xcassets */,
				F071E48A1A79EF6A003540E0 /* LaunchScreen_dev.xib */,
				F0682EE91A76D79C00B60661 /* Supporting Files */,
			);
			path = instruments;
			sourceTree = "<group>";
		};
		F0682EE91A76D79C00B60661 /* Supporting Files */ = {
			isa = PBXGroup;
			children = (
				F09E9FA31A771A6500010B0D /* siberian16.png */,
				F0682EEA1A76D79C00B60661 /* Info.plist */,
			);
			name = "Supporting Files";
			sourceTree = "<group>";
		};
/* End PBXGroup section */

/* Begin PBXNativeTarget section */
		F0682EE51A76D79C00B60661 /* dojo-instruments */ = {
			isa = PBXNativeTarget;
			buildConfigurationList = F0682F081A76D79C00B60661 /* Build configuration list for PBXNativeTarget "dojo-instruments" */;
			buildPhases = (
				C92888AA74DA58A30A3358AB /* [CP] Check Pods Manifest.lock */,
				F0682EE21A76D79C00B60661 /* Sources */,
				F0682EE31A76D79C00B60661 /* Frameworks */,
				F0682EE41A76D79C00B60661 /* Resources */,
				53ECBC1154A2B935C9D9237A /* [CP] Embed Pods Frameworks */,
				E2373D5C491A2FB875B90383 /* [CP] Copy Pods Resources */,
			);
			buildRules = (
			);
			dependencies = (
			);
			name = "dojo-instruments";
			productName = instruments;
			productReference = F0682EE61A76D79C00B60661 /* dojo-instruments.app */;
			productType = "com.apple.product-type.application";
		};
/* End PBXNativeTarget section */

/* Begin PBXProject section */
		F0682EDE1A76D79C00B60661 /* Project object */ = {
			isa = PBXProject;
			attributes = {
				LastSwiftMigration = 0710;
				LastSwiftUpdateCheck = 0710;
				LastUpgradeCheck = 0830;
				ORGANIZATIONNAME = "David McGraw";
				TargetAttributes = {
					F0682EE51A76D79C00B60661 = {
						CreatedOnToolsVersion = 6.2;
						DevelopmentTeam = TS6V23BE8W;
						LastSwiftMigration = 0830;
					};
				};
			};
			buildConfigurationList = F0682EE11A76D79C00B60661 /* Build configuration list for PBXProject "dojo-instruments" */;
			compatibilityVersion = "Xcode 3.2";
			developmentRegion = English;
			hasScannedForEncodings = 0;
			knownRegions = (
				en,
				Base,
			);
			mainGroup = F0682EDD1A76D79C00B60661;
			productRefGroup = F0682EE71A76D79C00B60661 /* Products */;
			projectDirPath = "";
			projectRoot = "";
			targets = (
				F0682EE51A76D79C00B60661 /* dojo-instruments */,
			);
		};
/* End PBXProject section */

/* Begin PBXResourcesBuildPhase section */
		F0682EE41A76D79C00B60661 /* Resources */ = {
			isa = PBXResourcesBuildPhase;
			buildActionMask = 2147483647;
			files = (
				F0682EF41A76D79C00B60661 /* Main.storyboard in Resources */,
				F09E9FA41A771A6500010B0D /* siberian16.png in Resources */,
				F071E48B1A79EF6A003540E0 /* LaunchScreen_dev.xib in Resources */,
				F0682EF61A76D79C00B60661 /* Images.xcassets in Resources */,
			);
			runOnlyForDeploymentPostprocessing = 0;
		};
/* End PBXResourcesBuildPhase section */

/* Begin PBXShellScriptBuildPhase section */
		53ECBC1154A2B935C9D9237A /* [CP] Embed Pods Frameworks */ = {
			isa = PBXShellScriptBuildPhase;
			buildActionMask = 2147483647;
			files = (
			);
			inputPaths = (
			);
			name = "[CP] Embed Pods Frameworks";
			outputPaths = (
			);
			runOnlyForDeploymentPostprocessing = 0;
			shellPath = /bin/sh;
			shellScript = "\"${SRCROOT}/Pods/Target Support Files/Pods-dojo-instruments/Pods-dojo-instruments-frameworks.sh\"\n";
			showEnvVarsInLog = 0;
		};
		C92888AA74DA58A30A3358AB /* [CP] Check Pods Manifest.lock */ = {
			isa = PBXShellScriptBuildPhase;
			buildActionMask = 2147483647;
			files = (
			);
			inputPaths = (
			);
			name = "[CP] Check Pods Manifest.lock";
			outputPaths = (
			);
			runOnlyForDeploymentPostprocessing = 0;
			shellPath = /bin/sh;
			shellScript = "diff \"${PODS_ROOT}/../Podfile.lock\" \"${PODS_ROOT}/Manifest.lock\" > /dev/null\nif [ $? != 0 ] ; then\n    # print error to STDERR\n    echo \"error: The sandbox is not in sync with the Podfile.lock. Run 'pod install' or update your CocoaPods installation.\" >&2\n    exit 1\nfi\n";
			showEnvVarsInLog = 0;
		};
		E2373D5C491A2FB875B90383 /* [CP] Copy Pods Resources */ = {
			isa = PBXShellScriptBuildPhase;
			buildActionMask = 2147483647;
			files = (
			);
			inputPaths = (
			);
			name = "[CP] Copy Pods Resources";
			outputPaths = (
			);
			runOnlyForDeploymentPostprocessing = 0;
			shellPath = /bin/sh;
			shellScript = "\"${SRCROOT}/Pods/Target Support Files/Pods-dojo-instruments/Pods-dojo-instruments-resources.sh\"\n";
			showEnvVarsInLog = 0;
		};
/* End PBXShellScriptBuildPhase section */

/* Begin PBXSourcesBuildPhase section */
		F0682EE21A76D79C00B60661 /* Sources */ = {
			isa = PBXSourcesBuildPhase;
			buildActionMask = 2147483647;
			files = (
				F09E9FA61A77268500010B0D /* Allocations.swift in Sources */,
				F0682EF11A76D79C00B60661 /* TimeProfile.swift in Sources */,
				F09E9FA21A7704FB00010B0D /* TimeProfileImages.swift in Sources */,
				F09EA0361A773D8E00010B0D /* Leaks.swift in Sources */,
				F0682EEC1A76D79C00B60661 /* AppDelegate.swift in Sources */,
			);
			runOnlyForDeploymentPostprocessing = 0;
		};
/* End PBXSourcesBuildPhase section */

/* Begin PBXVariantGroup section */
		F0682EF21A76D79C00B60661 /* Main.storyboard */ = {
			isa = PBXVariantGroup;
			children = (
				F0682EF31A76D79C00B60661 /* Base */,
			);
			name = Main.storyboard;
			sourceTree = "<group>";
		};
/* End PBXVariantGroup section */

/* Begin XCBuildConfiguration section */
		F0682F061A76D79C00B60661 /* Debug */ = {
			isa = XCBuildConfiguration;
			buildSettings = {
				ALWAYS_SEARCH_USER_PATHS = NO;
				CLANG_CXX_LANGUAGE_STANDARD = "gnu++0x";
				CLANG_CXX_LIBRARY = "libc++";
				CLANG_ENABLE_MODULES = YES;
				CLANG_ENABLE_OBJC_ARC = YES;
				CLANG_WARN_BOOL_CONVERSION = YES;
				CLANG_WARN_CONSTANT_CONVERSION = YES;
				CLANG_WARN_DIRECT_OBJC_ISA_USAGE = YES_ERROR;
				CLANG_WARN_EMPTY_BODY = YES;
				CLANG_WARN_ENUM_CONVERSION = YES;
				CLANG_WARN_INFINITE_RECURSION = YES;
				CLANG_WARN_INT_CONVERSION = YES;
				CLANG_WARN_OBJC_ROOT_CLASS = YES_ERROR;
				CLANG_WARN_SUSPICIOUS_MOVE = YES;
				CLANG_WARN_UNREACHABLE_CODE = YES;
				CLANG_WARN__DUPLICATE_METHOD_MATCH = YES;
				"CODE_SIGN_IDENTITY[sdk=iphoneos*]" = "iPhone Developer";
				COPY_PHASE_STRIP = NO;
				ENABLE_STRICT_OBJC_MSGSEND = YES;
				ENABLE_TESTABILITY = YES;
				GCC_C_LANGUAGE_STANDARD = gnu99;
				GCC_DYNAMIC_NO_PIC = NO;
				GCC_NO_COMMON_BLOCKS = YES;
				GCC_OPTIMIZATION_LEVEL = 0;
				GCC_PREPROCESSOR_DEFINITIONS = (
					"DEBUG=1",
					"$(inherited)",
				);
				GCC_SYMBOLS_PRIVATE_EXTERN = NO;
				GCC_WARN_64_TO_32_BIT_CONVERSION = YES;
				GCC_WARN_ABOUT_RETURN_TYPE = YES_ERROR;
				GCC_WARN_UNDECLARED_SELECTOR = YES;
				GCC_WARN_UNINITIALIZED_AUTOS = YES_AGGRESSIVE;
				GCC_WARN_UNUSED_FUNCTION = YES;
				GCC_WARN_UNUSED_VARIABLE = YES;
				IPHONEOS_DEPLOYMENT_TARGET = 10.0;
				MTL_ENABLE_DEBUG_INFO = YES;
				ONLY_ACTIVE_ARCH = YES;
				SDKROOT = iphoneos;
				SWIFT_OPTIMIZATION_LEVEL = "-Onone";
				SWIFT_VERSION = 3.0;
			};
			name = Debug;
		};
		F0682F071A76D79C00B60661 /* Release */ = {
			isa = XCBuildConfiguration;
			buildSettings = {
				ALWAYS_SEARCH_USER_PATHS = NO;
				CLANG_CXX_LANGUAGE_STANDARD = "gnu++0x";
				CLANG_CXX_LIBRARY = "libc++";
				CLANG_ENABLE_MODULES = YES;
				CLANG_ENABLE_OBJC_ARC = YES;
				CLANG_WARN_BOOL_CONVERSION = YES;
				CLANG_WARN_CONSTANT_CONVERSION = YES;
				CLANG_WARN_DIRECT_OBJC_ISA_USAGE = YES_ERROR;
				CLANG_WARN_EMPTY_BODY = YES;
				CLANG_WARN_ENUM_CONVERSION = YES;
				CLANG_WARN_INFINITE_RECURSION = YES;
				CLANG_WARN_INT_CONVERSION = YES;
				CLANG_WARN_OBJC_ROOT_CLASS = YES_ERROR;
				CLANG_WARN_SUSPICIOUS_MOVE = YES;
				CLANG_WARN_UNREACHABLE_CODE = YES;
				CLANG_WARN__DUPLICATE_METHOD_MATCH = YES;
				"CODE_SIGN_IDENTITY[sdk=iphoneos*]" = "iPhone Developer";
				COPY_PHASE_STRIP = NO;
				ENABLE_NS_ASSERTIONS = NO;
				ENABLE_STRICT_OBJC_MSGSEND = YES;
				GCC_C_LANGUAGE_STANDARD = gnu99;
				GCC_NO_COMMON_BLOCKS = YES;
				GCC_WARN_64_TO_32_BIT_CONVERSION = YES;
				GCC_WARN_ABOUT_RETURN_TYPE = YES_ERROR;
				GCC_WARN_UNDECLARED_SELECTOR = YES;
				GCC_WARN_UNINITIALIZED_AUTOS = YES_AGGRESSIVE;
				GCC_WARN_UNUSED_FUNCTION = YES;
				GCC_WARN_UNUSED_VARIABLE = YES;
				IPHONEOS_DEPLOYMENT_TARGET = 10.0;
				MTL_ENABLE_DEBUG_INFO = NO;
				SDKROOT = iphoneos;
				SWIFT_OPTIMIZATION_LEVEL = "-Owholemodule";
				SWIFT_VERSION = 3.0;
				VALIDATE_PRODUCT = YES;
			};
			name = Release;
		};
		F0682F091A76D79C00B60661 /* Debug */ = {
			isa = XCBuildConfiguration;
			baseConfigurationReference = FF9BD739E62842271F2D0FD2 /* Pods-dojo-instruments.debug.xcconfig */;
			buildSettings = {
				ASSETCATALOG_COMPILER_APPICON_NAME = AppIcon;
				CLANG_ENABLE_MODULES = YES;
				CLANG_WARN__ARC_BRIDGE_CAST_NONARC = NO;
				DEVELOPMENT_TEAM = TS6V23BE8W;
				INFOPLIST_FILE = instruments/Info.plist;
				IPHONEOS_DEPLOYMENT_TARGET = 10.0;
				LD_RUNPATH_SEARCH_PATHS = "$(inherited) @executable_path/Frameworks";
				PRODUCT_BUNDLE_IDENTIFIER = "com.igotit.$(PRODUCT_NAME:rfc1034identifier)";
				PRODUCT_NAME = "dojo-instruments";
				SWIFT_INSTALL_OBJC_HEADER = YES;
				SWIFT_OBJC_BRIDGING_HEADER = "";
				SWIFT_OPTIMIZATION_LEVEL = "-Onone";
				SWIFT_VERSION = 3.0;
			};
			name = Debug;
		};
		F0682F0A1A76D79C00B60661 /* Release */ = {
			isa = XCBuildConfiguration;
			baseConfigurationReference = 11EFA353F592BB7BAAA93DBB /* Pods-dojo-instruments.release.xcconfig */;
			buildSettings = {
				ASSETCATALOG_COMPILER_APPICON_NAME = AppIcon;
				CLANG_ENABLE_MODULES = YES;
				CLANG_WARN__ARC_BRIDGE_CAST_NONARC = NO;
				DEVELOPMENT_TEAM = TS6V23BE8W;
				INFOPLIST_FILE = instruments/Info.plist;
				IPHONEOS_DEPLOYMENT_TARGET = 10.0;
				LD_RUNPATH_SEARCH_PATHS = "$(inherited) @executable_path/Frameworks";
				PRODUCT_BUNDLE_IDENTIFIER = "com.igotit.$(PRODUCT_NAME:rfc1034identifier)";
				PRODUCT_NAME = "dojo-instruments";
				SWIFT_INSTALL_OBJC_HEADER = YES;
				SWIFT_OBJC_BRIDGING_HEADER = "";
				SWIFT_VERSION = 3.0;
			};
			name = Release;
		};
/* End XCBuildConfiguration section */

/* Begin XCConfigurationList section */
		F0682EE11A76D79C00B60661 /* Build configuration list for PBXProject "dojo-instruments" */ = {
			isa = XCConfigurationList;
			buildConfigurations = (
				F0682F061A76D79C00B60661 /* Debug */,
				F0682F071A76D79C00B60661 /* Release */,
			);
			defaultConfigurationIsVisible = 0;
			defaultConfigurationName = Release;
		};
		F0682F081A76D79C00B60661 /* Build configuration list for PBXNativeTarget "dojo-instruments" */ = {
			isa = XCConfigurationList;
			buildConfigurations = (
				F0682F091A76D79C00B60661 /* Debug */,
				F0682F0A1A76D79C00B60661 /* Release */,
			);
			defaultConfigurationIsVisible = 0;
			defaultConfigurationName = Release;
		};
/* End XCConfigurationList section */
	};
	rootObject = F0682EDE1A76D79C00B60661 /* Project object */;
}
